PODS:
  - InputBarAccessoryView (5.5.0):
    - InputBarAccessoryView/Core (= 5.5.0)
  - InputBarAccessoryView/Core (5.5.0)
  - MessageKit (3.8.0):
    - InputBarAccessoryView (~> 5.5.0)
  - SDWebImage (5.12.5):
    - SDWebImage/Core (= 5.12.5)
  - SDWebImage/Core (5.12.5)
  - Socket.IO-Client-Swift (16.0.1):
    - Starscream (~> 4.0)
  - Starscream (4.0.4)

DEPENDENCIES:
  - MessageKit
  - SDWebImage
  - Socket.IO-Client-Swift

SPEC REPOS:
  trunk:
    - InputBarAccessoryView
    - MessageKit
    - SDWebImage
    - Socket.IO-Client-Swift
    - Starscream

SPEC CHECKSUMS:
  InputBarAccessoryView: 1d7b0a672b36e370f01f264b3907ef39d03328e3
  MessageKit: a1ba0c69ebead94029867853eb44dd05b9b3f453
  SDWebImage: 0905f1b7760fc8ac4198cae0036600d67478751e
  Socket.IO-Client-Swift: c116d6dc9fd6be9c259bacfe143f8725bce7d79e
  Starscream: 5178aed56b316f13fa3bc55694e583d35dd414d9

PODFILE CHECKSUM: 091f953ba9a1ea23c2f2f44fecacc5ca2f0a6bcb

COCOAPODS: 1.11.2
